{
  "name": "conventional-changelog-action",
  "version": "5.3.0",
  "lockfileVersion": 2,
  "requires": true,
  "packages": {
    "": {
      "name": "conventional-changelog-action",
      "version": "5.3.0",
      "license": "MIT",
      "dependencies": {
        "@actions/core": "^1.11.1",
        "@actions/exec": "^1.1.1",
        "@iarna/toml": "^2.2.5",
        "@vercel/ncc": "^0.38.1",
        "conventional-changelog": "^6.0.0",
        "conventional-changelog-angular": "^8.0.0",
        "conventional-changelog-conventionalcommits": "^8.0.0",
        "conventional-changelog-eslint": "^6.0.0",
        "conventional-recommended-bump": "^10.0.0",
        "git-semver-tags": "8.0.0",
        "object-path": "^0.11.8",
        "semver": "^7.7.1",
        "yaml": "^2.7.0"
      }
    },
    "node_modules/@actions/core": {
      "version": "1.11.1",
      "resolved": "https://registry.npmjs.org/@actions/core/-/core-1.11.1.tgz",
      "integrity": "sha512-hXJCSrkwfA46Vd9Z3q4cpEpHB1rL5NG04+/rbqW9d3+CSvtB1tYe8UTpAlixa1vj0m/ULglfEK2UKxMGxCxv5A==",
      "dependencies": {
        "@actions/exec": "^1.1.1",
        "@actions/http-client": "^2.0.1"
      }
    },
    "node_modules/@actions/exec": {
      "version": "1.1.1",
      "resolved": "https://registry.npmjs.org/@actions/exec/-/exec-1.1.1.tgz",
      "integrity": "sha512-+sCcHHbVdk93a0XT19ECtO/gIXoxvdsgQLzb2fE2/5sIZmWQuluYyjPQtrtTHdU1YzTZ7bAPN4sITq2xi1679w==",
      "dependencies": {
        "@actions/io": "^1.0.1"
      }
    },
    "node_modules/@actions/http-client": {
      "version": "2.0.1",
      "resolved": "https://registry.npmjs.org/@actions/http-client/-/http-client-2.0.1.tgz",
      "integrity": "sha512-PIXiMVtz6VvyaRsGY268qvj57hXQEpsYogYOu2nrQhlf+XCGmZstmuZBbAybUl1nQGnvS1k1eEsQ69ZoD7xlSw==",
      "dependencies": {
        "tunnel": "^0.0.6"
      }
    },
    "node_modules/@actions/io": {
      "version": "1.1.1",
      "resolved": "https://registry.npmjs.org/@actions/io/-/io-1.1.1.tgz",
      "integrity": "sha512-Qi4JoKXjmE0O67wAOH6y0n26QXhMKMFo7GD/4IXNVcrtLjUlGjGuVys6pQgwF3ArfGTQu0XpqaNr0YhED2RaRA=="
    },
    "node_modules/@babel/code-frame": {
      "version": "7.26.2",
      "resolved": "https://registry.npmjs.org/@babel/code-frame/-/code-frame-7.26.2.tgz",
      "integrity": "sha512-RJlIHRueQgwWitWgF8OdFYGZX328Ax5BCemNGlqHfplnRT9ESi8JkFlvaVYbS+UubVY6dpv87Fs2u5M29iNFVQ==",
      "license": "MIT",
      "dependencies": {
        "@babel/helper-validator-identifier": "^7.25.9",
        "js-tokens": "^4.0.0",
        "picocolors": "^1.0.0"
      },
      "engines": {
        "node": ">=6.9.0"
      }
    },
    "node_modules/@babel/helper-validator-identifier": {
      "version": "7.25.9",
      "resolved": "https://registry.npmjs.org/@babel/helper-validator-identifier/-/helper-validator-identifier-7.25.9.tgz",
      "integrity": "sha512-Ed61U6XJc3CVRfkERJWDz4dJwKe7iLmmJsbOGu9wSloNSFttHV0I8g6UAgb7qnK5ly5bGLPd4oXZlxCdANBOWQ==",
      "license": "MIT",
      "engines": {
        "node": ">=6.9.0"
      }
    },
    "node_modules/@conventional-changelog/git-client": {
      "version": "1.0.1",
      "resolved": "https://registry.npmjs.org/@conventional-changelog/git-client/-/git-client-1.0.1.tgz",
      "integrity": "sha512-PJEqBwAleffCMETaVm/fUgHldzBE35JFk3/9LL6NUA5EXa3qednu+UT6M7E5iBu3zIQZCULYIiZ90fBYHt6xUw==",
      "license": "MIT",
      "dependencies": {
        "@types/semver": "^7.5.5",
        "semver": "^7.5.2"
      },
      "engines": {
        "node": ">=18"
      },
      "peerDependencies": {
        "conventional-commits-filter": "^5.0.0",
        "conventional-commits-parser": "^6.0.0"
      },
      "peerDependenciesMeta": {
        "conventional-commits-filter": {
          "optional": true
        },
        "conventional-commits-parser": {
          "optional": true
        }
      }
    },
    "node_modules/@hutson/parse-repository-url": {
      "version": "5.0.0",
      "resolved": "https://registry.npmjs.org/@hutson/parse-repository-url/-/parse-repository-url-5.0.0.tgz",
      "integrity": "sha512-e5+YUKENATs1JgYHMzTr2MW/NDcXGfYFAuOQU8gJgF/kEh4EqKgfGrfLI67bMD4tbhZVlkigz/9YYwWcbOFthg==",
      "license": "Apache-2.0",
      "engines": {
        "node": ">=10.13.0"
      }
    },
    "node_modules/@iarna/toml": {
      "version": "2.2.5",
      "resolved": "https://registry.npmjs.org/@iarna/toml/-/toml-2.2.5.tgz",
      "integrity": "sha512-trnsAYxU3xnS1gPHPyU961coFyLkh4gAD/0zQ5mymY4yOZ+CYvsPqUbOFSw0aDM4y0tV7tiFxL/1XfXPNC6IPg=="
    },
    "node_modules/@types/normalize-package-data": {
      "version": "2.4.4",
      "resolved": "https://registry.npmjs.org/@types/normalize-package-data/-/normalize-package-data-2.4.4.tgz",
      "integrity": "sha512-37i+OaWTh9qeK4LSHPsyRC7NahnGotNuZvjLSgcPzblpHB3rrCJxAOgI5gCdKm7coonsaX1Of0ILiTcnZjbfxA==",
      "license": "MIT"
    },
    "node_modules/@types/semver": {
      "version": "7.5.8",
      "resolved": "https://registry.npmjs.org/@types/semver/-/semver-7.5.8.tgz",
      "integrity": "sha512-I8EUhyrgfLrcTkzV3TSsGyl1tSuPrEDzr0yd5m90UgNxQkyDXULk3b6MlQqTCpZpNtWe1K0hzclnZkTcLBe2UQ==",
      "license": "MIT"
    },
    "node_modules/@vercel/ncc": {
      "version": "0.38.2",
      "resolved": "https://registry.npmjs.org/@vercel/ncc/-/ncc-0.38.2.tgz",
      "integrity": "sha512-3yel3jaxUg9pHBv4+KeC9qlbdZPug+UMtUOlhvpDYCMSgcNSrS2Hv1LoqMsOV7hf2lYscx+BESfJOIla1WsmMQ==",
      "bin": {
        "ncc": "dist/ncc/cli.js"
      }
    },
    "node_modules/add-stream": {
      "version": "1.0.0",
      "resolved": "https://registry.npmjs.org/add-stream/-/add-stream-1.0.0.tgz",
      "integrity": "sha512-qQLMr+8o0WC4FZGQTcJiKBVC59JylcPSrTtk6usvmIDFUOCKegapy1VHQwRbFMOFyb/inzUVqHs+eMYKDM1YeQ==",
      "license": "MIT"
    },
    "node_modules/array-ify": {
      "version": "1.0.0",
      "resolved": "https://registry.npmjs.org/array-ify/-/array-ify-1.0.0.tgz",
      "integrity": "sha512-c5AMf34bKdvPhQ7tBGhqkgKNUzMr4WUs+WDtC2ZUGOUncbxKMTvqxYctiseW3+L4bA8ec+GcZ6/A/FW4m8ukng==",
      "license": "MIT"
    },
    "node_modules/compare-func": {
      "version": "2.0.0",
      "resolved": "https://registry.npmjs.org/compare-func/-/compare-func-2.0.0.tgz",
      "integrity": "sha512-zHig5N+tPWARooBnb0Zx1MFcdfpyJrfTJ3Y5L+IFvUm8rM74hHz66z0gw0x4tijh5CorKkKUCnW82R2vmpeCRA==",
      "license": "MIT",
      "dependencies": {
        "array-ify": "^1.0.0",
        "dot-prop": "^5.1.0"
      }
    },
    "node_modules/conventional-changelog": {
      "version": "6.0.0",
      "resolved": "https://registry.npmjs.org/conventional-changelog/-/conventional-changelog-6.0.0.tgz",
      "integrity": "sha512-tuUH8H/19VjtD9Ig7l6TQRh+Z0Yt0NZ6w/cCkkyzUbGQTnUEmKfGtkC9gGfVgCfOL1Rzno5NgNF4KY8vR+Jo3w==",
      "license": "MIT",
      "dependencies": {
        "conventional-changelog-angular": "^8.0.0",
        "conventional-changelog-atom": "^5.0.0",
        "conventional-changelog-codemirror": "^5.0.0",
        "conventional-changelog-conventionalcommits": "^8.0.0",
        "conventional-changelog-core": "^8.0.0",
        "conventional-changelog-ember": "^5.0.0",
        "conventional-changelog-eslint": "^6.0.0",
        "conventional-changelog-express": "^5.0.0",
        "conventional-changelog-jquery": "^6.0.0",
        "conventional-changelog-jshint": "^5.0.0",
        "conventional-changelog-preset-loader": "^5.0.0"
      },
      "engines": {
        "node": ">=18"
      }
    },
    "node_modules/conventional-changelog-angular": {
      "version": "8.0.0",
      "resolved": "https://registry.npmjs.org/conventional-changelog-angular/-/conventional-changelog-angular-8.0.0.tgz",
      "integrity": "sha512-CLf+zr6St0wIxos4bmaKHRXWAcsCXrJU6F4VdNDrGRK3B8LDLKoX3zuMV5GhtbGkVR/LohZ6MT6im43vZLSjmA==",
      "license": "ISC",
      "dependencies": {
        "compare-func": "^2.0.0"
      },
      "engines": {
        "node": ">=18"
      }
    },
    "node_modules/conventional-changelog-atom": {
      "version": "5.0.0",
      "resolved": "https://registry.npmjs.org/conventional-changelog-atom/-/conventional-changelog-atom-5.0.0.tgz",
      "integrity": "sha512-WfzCaAvSCFPkznnLgLnfacRAzjgqjLUjvf3MftfsJzQdDICqkOOpcMtdJF3wTerxSpv2IAAjX8doM3Vozqle3g==",
      "license": "ISC",
      "engines": {
        "node": ">=18"
      }
    },
    "node_modules/conventional-changelog-codemirror": {
      "version": "5.0.0",
      "resolved": "https://registry.npmjs.org/conventional-changelog-codemirror/-/conventional-changelog-codemirror-5.0.0.tgz",
      "integrity": "sha512-8gsBDI5Y3vrKUCxN6Ue8xr6occZ5nsDEc4C7jO/EovFGozx8uttCAyfhRrvoUAWi2WMm3OmYs+0mPJU7kQdYWQ==",
      "license": "ISC",
      "engines": {
        "node": ">=18"
      }
    },
    "node_modules/conventional-changelog-conventionalcommits": {
      "version": "8.0.0",
      "resolved": "https://registry.npmjs.org/conventional-changelog-conventionalcommits/-/conventional-changelog-conventionalcommits-8.0.0.tgz",
      "integrity": "sha512-eOvlTO6OcySPyyyk8pKz2dP4jjElYunj9hn9/s0OB+gapTO8zwS9UQWrZ1pmF2hFs3vw1xhonOLGcGjy/zgsuA==",
      "license": "ISC",
      "dependencies": {
        "compare-func": "^2.0.0"
      },
      "engines": {
        "node": ">=18"
      }
    },
    "node_modules/conventional-changelog-core": {
      "version": "8.0.0",
      "resolved": "https://registry.npmjs.org/conventional-changelog-core/-/conventional-changelog-core-8.0.0.tgz",
      "integrity": "sha512-EATUx5y9xewpEe10UEGNpbSHRC6cVZgO+hXQjofMqpy+gFIrcGvH3Fl6yk2VFKh7m+ffenup2N7SZJYpyD9evw==",
      "license": "MIT",
      "dependencies": {
        "@hutson/parse-repository-url": "^5.0.0",
        "add-stream": "^1.0.0",
        "conventional-changelog-writer": "^8.0.0",
        "conventional-commits-parser": "^6.0.0",
        "git-raw-commits": "^5.0.0",
        "git-semver-tags": "^8.0.0",
        "hosted-git-info": "^7.0.0",
        "normalize-package-data": "^6.0.0",
        "read-package-up": "^11.0.0",
        "read-pkg": "^9.0.0"
      },
      "engines": {
        "node": ">=18"
      }
    },
    "node_modules/conventional-changelog-ember": {
      "version": "5.0.0",
      "resolved": "https://registry.npmjs.org/conventional-changelog-ember/-/conventional-changelog-ember-5.0.0.tgz",
      "integrity": "sha512-RPflVfm5s4cSO33GH/Ey26oxhiC67akcxSKL8CLRT3kQX2W3dbE19sSOM56iFqUJYEwv9mD9r6k79weWe1urfg==",
      "license": "ISC",
      "engines": {
        "node": ">=18"
      }
    },
    "node_modules/conventional-changelog-eslint": {
      "version": "6.0.0",
      "resolved": "https://registry.npmjs.org/conventional-changelog-eslint/-/conventional-changelog-eslint-6.0.0.tgz",
      "integrity": "sha512-eiUyULWjzq+ybPjXwU6NNRflApDWlPEQEHvI8UAItYW/h22RKkMnOAtfCZxMmrcMO1OKUWtcf2MxKYMWe9zJuw==",
      "license": "ISC",
      "engines": {
        "node": ">=18"
      }
    },
    "node_modules/conventional-changelog-express": {
      "version": "5.0.0",
      "resolved": "https://registry.npmjs.org/conventional-changelog-express/-/conventional-changelog-express-5.0.0.tgz",
      "integrity": "sha512-D8Q6WctPkQpvr2HNCCmwU5GkX22BVHM0r4EW8vN0230TSyS/d6VQJDAxGb84lbg0dFjpO22MwmsikKL++Oo/oQ==",
      "license": "ISC",
      "engines": {
        "node": ">=18"
      }
    },
    "node_modules/conventional-changelog-jquery": {
      "version": "6.0.0",
      "resolved": "https://registry.npmjs.org/conventional-changelog-jquery/-/conventional-changelog-jquery-6.0.0.tgz",
      "integrity": "sha512-2kxmVakyehgyrho2ZHBi90v4AHswkGzHuTaoH40bmeNqUt20yEkDOSpw8HlPBfvEQBwGtbE+5HpRwzj6ac2UfA==",
      "license": "ISC",
      "engines": {
        "node": ">=18"
      }
    },
    "node_modules/conventional-changelog-jshint": {
      "version": "5.0.0",
      "resolved": "https://registry.npmjs.org/conventional-changelog-jshint/-/conventional-changelog-jshint-5.0.0.tgz",
      "integrity": "sha512-gGNphSb/opc76n2eWaO6ma4/Wqu3tpa2w7i9WYqI6Cs2fncDSI2/ihOfMvXveeTTeld0oFvwMVNV+IYQIk3F3g==",
      "license": "ISC",
      "dependencies": {
        "compare-func": "^2.0.0"
      },
      "engines": {
        "node": ">=18"
      }
    },
    "node_modules/conventional-changelog-preset-loader": {
      "version": "5.0.0",
      "resolved": "https://registry.npmjs.org/conventional-changelog-preset-loader/-/conventional-changelog-preset-loader-5.0.0.tgz",
      "integrity": "sha512-SetDSntXLk8Jh1NOAl1Gu5uLiCNSYenB5tm0YVeZKePRIgDW9lQImromTwLa3c/Gae298tsgOM+/CYT9XAl0NA==",
      "license": "MIT",
      "engines": {
        "node": ">=18"
      }
    },
    "node_modules/conventional-changelog-writer": {
      "version": "8.0.0",
      "resolved": "https://registry.npmjs.org/conventional-changelog-writer/-/conventional-changelog-writer-8.0.0.tgz",
      "integrity": "sha512-TQcoYGRatlAnT2qEWDON/XSfnVG38JzA7E0wcGScu7RElQBkg9WWgZd1peCWFcWDh1xfb2CfsrcvOn1bbSzztA==",
      "license": "MIT",
      "dependencies": {
        "@types/semver": "^7.5.5",
        "conventional-commits-filter": "^5.0.0",
        "handlebars": "^4.7.7",
        "meow": "^13.0.0",
        "semver": "^7.5.2"
      },
      "bin": {
        "conventional-changelog-writer": "dist/cli/index.js"
      },
      "engines": {
        "node": ">=18"
      }
    },
    "node_modules/conventional-commits-filter": {
      "version": "5.0.0",
      "resolved": "https://registry.npmjs.org/conventional-commits-filter/-/conventional-commits-filter-5.0.0.tgz",
      "integrity": "sha512-tQMagCOC59EVgNZcC5zl7XqO30Wki9i9J3acbUvkaosCT6JX3EeFwJD7Qqp4MCikRnzS18WXV3BLIQ66ytu6+Q==",
      "license": "MIT",
      "engines": {
        "node": ">=18"
      }
    },
    "node_modules/conventional-commits-parser": {
      "version": "6.0.0",
      "resolved": "https://registry.npmjs.org/conventional-commits-parser/-/conventional-commits-parser-6.0.0.tgz",
      "integrity": "sha512-TbsINLp48XeMXR8EvGjTnKGsZqBemisPoyWESlpRyR8lif0lcwzqz+NMtYSj1ooF/WYjSuu7wX0CtdeeMEQAmA==",
      "license": "MIT",
      "dependencies": {
        "meow": "^13.0.0"
      },
      "bin": {
        "conventional-commits-parser": "dist/cli/index.js"
      },
      "engines": {
        "node": ">=18"
      }
    },
    "node_modules/conventional-recommended-bump": {
      "version": "10.0.0",
      "resolved": "https://registry.npmjs.org/conventional-recommended-bump/-/conventional-recommended-bump-10.0.0.tgz",
      "integrity": "sha512-RK/fUnc2btot0oEVtrj3p2doImDSs7iiz/bftFCDzels0Qs1mxLghp+DFHMaOC0qiCI6sWzlTDyBFSYuot6pRA==",
      "license": "MIT",
      "dependencies": {
        "@conventional-changelog/git-client": "^1.0.0",
        "conventional-changelog-preset-loader": "^5.0.0",
        "conventional-commits-filter": "^5.0.0",
        "conventional-commits-parser": "^6.0.0",
        "meow": "^13.0.0"
      },
      "bin": {
        "conventional-recommended-bump": "dist/cli/index.js"
      },
      "engines": {
        "node": ">=18"
      }
    },
    "node_modules/dot-prop": {
      "version": "5.3.0",
      "resolved": "https://registry.npmjs.org/dot-prop/-/dot-prop-5.3.0.tgz",
      "integrity": "sha512-QM8q3zDe58hqUqjraQOmzZ1LIH9SWQJTlEKCH4kJ2oQvLZk7RbQXvtDM2XEq3fwkV9CCvvH4LA0AV+ogFsBM2Q==",
      "license": "MIT",
      "dependencies": {
        "is-obj": "^2.0.0"
      },
      "engines": {
        "node": ">=8"
      }
    },
    "node_modules/find-up-simple": {
      "version": "1.0.0",
      "resolved": "https://registry.npmjs.org/find-up-simple/-/find-up-simple-1.0.0.tgz",
      "integrity": "sha512-q7Us7kcjj2VMePAa02hDAF6d+MzsdsAWEwYyOpwUtlerRBkOEPBCRZrAV4XfcSN8fHAgaD0hP7miwoay6DCprw==",
      "license": "MIT",
      "engines": {
        "node": ">=18"
      },
      "funding": {
        "url": "https://github.com/sponsors/sindresorhus"
      }
    },
    "node_modules/git-raw-commits": {
      "version": "5.0.0",
      "resolved": "https://registry.npmjs.org/git-raw-commits/-/git-raw-commits-5.0.0.tgz",
      "integrity": "sha512-I2ZXrXeOc0KrCvC7swqtIFXFN+rbjnC7b2T943tvemIOVNl+XP8YnA9UVwqFhzzLClnSA60KR/qEjLpXzs73Qg==",
      "license": "MIT",
      "dependencies": {
        "@conventional-changelog/git-client": "^1.0.0",
        "meow": "^13.0.0"
      },
      "bin": {
        "git-raw-commits": "src/cli.js"
      },
      "engines": {
        "node": ">=18"
      }
    },
    "node_modules/git-semver-tags": {
      "version": "8.0.0",
      "resolved": "https://registry.npmjs.org/git-semver-tags/-/git-semver-tags-8.0.0.tgz",
      "integrity": "sha512-N7YRIklvPH3wYWAR2vysaqGLPRcpwQ0GKdlqTiVN5w1UmCdaeY3K8s6DMKRCh54DDdzyt/OAB6C8jgVtb7Y2Fg==",
      "license": "MIT",
      "dependencies": {
        "@conventional-changelog/git-client": "^1.0.0",
        "meow": "^13.0.0"
      },
      "bin": {
        "git-semver-tags": "src/cli.js"
      },
      "engines": {
        "node": ">=18"
      }
    },
    "node_modules/handlebars": {
      "version": "4.7.8",
      "resolved": "https://registry.npmjs.org/handlebars/-/handlebars-4.7.8.tgz",
      "integrity": "sha512-vafaFqs8MZkRrSX7sFVUdo3ap/eNiLnb4IakshzvP56X5Nr1iGKAIqdX6tMlm6HcNRIkr6AxO5jFEoJzzpT8aQ==",
      "license": "MIT",
      "dependencies": {
        "minimist": "^1.2.5",
        "neo-async": "^2.6.2",
        "source-map": "^0.6.1",
        "wordwrap": "^1.0.0"
      },
      "bin": {
        "handlebars": "bin/handlebars"
      },
      "engines": {
        "node": ">=0.4.7"
      },
      "optionalDependencies": {
        "uglify-js": "^3.1.4"
      }
    },
    "node_modules/hosted-git-info": {
      "version": "7.0.2",
      "resolved": "https://registry.npmjs.org/hosted-git-info/-/hosted-git-info-7.0.2.tgz",
      "integrity": "sha512-puUZAUKT5m8Zzvs72XWy3HtvVbTWljRE66cP60bxJzAqf2DgICo7lYTY2IHUmLnNpjYvw5bvmoHvPc0QO2a62w==",
      "license": "ISC",
      "dependencies": {
        "lru-cache": "^10.0.1"
      },
      "engines": {
        "node": "^16.14.0 || >=18.0.0"
      }
    },
    "node_modules/index-to-position": {
      "version": "0.1.2",
      "resolved": "https://registry.npmjs.org/index-to-position/-/index-to-position-0.1.2.tgz",
      "integrity": "sha512-MWDKS3AS1bGCHLBA2VLImJz42f7bJh8wQsTGCzI3j519/CASStoDONUBVz2I/VID0MpiX3SGSnbOD2xUalbE5g==",
      "license": "MIT",
      "engines": {
        "node": ">=18"
      },
      "funding": {
        "url": "https://github.com/sponsors/sindresorhus"
      }
    },
    "node_modules/is-obj": {
      "version": "2.0.0",
      "resolved": "https://registry.npmjs.org/is-obj/-/is-obj-2.0.0.tgz",
      "integrity": "sha512-drqDG3cbczxxEJRoOXcOjtdp1J/lyp1mNn0xaznRs8+muBhgQcrnbspox5X5fOw0HnMnbfDzvnEMEtqDEJEo8w==",
      "license": "MIT",
      "engines": {
        "node": ">=8"
      }
    },
    "node_modules/js-tokens": {
      "version": "4.0.0",
      "resolved": "https://registry.npmjs.org/js-tokens/-/js-tokens-4.0.0.tgz",
      "integrity": "sha512-RdJUflcE3cUzKiMqQgsCu06FPu9UdIJO0beYbPhHN4k6apgJtifcoCtT9bcxOpYBtpD2kCM6Sbzg4CausW/PKQ==",
      "license": "MIT"
    },
    "node_modules/lru-cache": {
      "version": "10.4.3",
      "resolved": "https://registry.npmjs.org/lru-cache/-/lru-cache-10.4.3.tgz",
      "integrity": "sha512-JNAzZcXrCt42VGLuYz0zfAzDfAvJWW6AfYlDBQyDV5DClI2m5sAmK+OIO7s59XfsRsWHp02jAJrRadPRGTt6SQ==",
      "license": "ISC"
    },
    "node_modules/meow": {
      "version": "13.2.0",
      "resolved": "https://registry.npmjs.org/meow/-/meow-13.2.0.tgz",
      "integrity": "sha512-pxQJQzB6djGPXh08dacEloMFopsOqGVRKFPYvPOt9XDZ1HasbgDZA74CJGreSU4G3Ak7EFJGoiH2auq+yXISgA==",
      "license": "MIT",
      "engines": {
        "node": ">=18"
      },
      "funding": {
        "url": "https://github.com/sponsors/sindresorhus"
      }
    },
    "node_modules/minimist": {
      "version": "1.2.8",
      "resolved": "https://registry.npmjs.org/minimist/-/minimist-1.2.8.tgz",
      "integrity": "sha512-2yyAR8qBkN3YuheJanUpWC5U3bb5osDywNB8RzDVlDwDHbocAJveqqj1u8+SVD7jkWT4yvsHCpWqqWqAxb0zCA==",
      "license": "MIT",
      "funding": {
        "url": "https://github.com/sponsors/ljharb"
      }
    },
    "node_modules/neo-async": {
      "version": "2.6.2",
      "resolved": "https://registry.npmjs.org/neo-async/-/neo-async-2.6.2.tgz",
      "integrity": "sha512-Yd3UES5mWCSqR+qNT93S3UoYUkqAZ9lLg8a7g9rimsWmYGK8cVToA4/sF3RrshdyV3sAGMXVUmpMYOw+dLpOuw==",
      "license": "MIT"
    },
    "node_modules/normalize-package-data": {
      "version": "6.0.2",
      "resolved": "https://registry.npmjs.org/normalize-package-data/-/normalize-package-data-6.0.2.tgz",
      "integrity": "sha512-V6gygoYb/5EmNI+MEGrWkC+e6+Rr7mTmfHrxDbLzxQogBkgzo76rkok0Am6thgSF7Mv2nLOajAJj5vDJZEFn7g==",
      "license": "BSD-2-Clause",
      "dependencies": {
        "hosted-git-info": "^7.0.0",
        "semver": "^7.3.5",
        "validate-npm-package-license": "^3.0.4"
      },
      "engines": {
        "node": "^16.14.0 || >=18.0.0"
      }
    },
    "node_modules/object-path": {
      "version": "0.11.8",
      "resolved": "https://registry.npmjs.org/object-path/-/object-path-0.11.8.tgz",
      "integrity": "sha512-YJjNZrlXJFM42wTBn6zgOJVar9KFJvzx6sTWDte8sWZF//cnjl0BxHNpfZx+ZffXX63A9q0b1zsFiBX4g4X5KA==",
      "engines": {
        "node": ">= 10.12.0"
      }
    },
    "node_modules/parse-json": {
      "version": "8.1.0",
      "resolved": "https://registry.npmjs.org/parse-json/-/parse-json-8.1.0.tgz",
      "integrity": "sha512-rum1bPifK5SSar35Z6EKZuYPJx85pkNaFrxBK3mwdfSJ1/WKbYrjoW/zTPSjRRamfmVX1ACBIdFAO0VRErW/EA==",
      "license": "MIT",
      "dependencies": {
        "@babel/code-frame": "^7.22.13",
        "index-to-position": "^0.1.2",
        "type-fest": "^4.7.1"
      },
      "engines": {
        "node": ">=18"
      },
      "funding": {
        "url": "https://github.com/sponsors/sindresorhus"
      }
    },
    "node_modules/picocolors": {
      "version": "1.1.1",
      "resolved": "https://registry.npmjs.org/picocolors/-/picocolors-1.1.1.tgz",
      "integrity": "sha512-xceH2snhtb5M9liqDsmEw56le376mTZkEX/jEb/RxNFyegNul7eNslCXP9FDj/Lcu0X8KEyMceP2ntpaHrDEVA==",
      "license": "ISC"
    },
    "node_modules/read-package-up": {
      "version": "11.0.0",
      "resolved": "https://registry.npmjs.org/read-package-up/-/read-package-up-11.0.0.tgz",
      "integrity": "sha512-MbgfoNPANMdb4oRBNg5eqLbB2t2r+o5Ua1pNt8BqGp4I0FJZhuVSOj3PaBPni4azWuSzEdNn2evevzVmEk1ohQ==",
      "license": "MIT",
      "dependencies": {
        "find-up-simple": "^1.0.0",
        "read-pkg": "^9.0.0",
        "type-fest": "^4.6.0"
      },
      "engines": {
        "node": ">=18"
      },
      "funding": {
        "url": "https://github.com/sponsors/sindresorhus"
      }
    },
    "node_modules/read-pkg": {
      "version": "9.0.1",
      "resolved": "https://registry.npmjs.org/read-pkg/-/read-pkg-9.0.1.tgz",
      "integrity": "sha512-9viLL4/n1BJUCT1NXVTdS1jtm80yDEgR5T4yCelII49Mbj0v1rZdKqj7zCiYdbB0CuCgdrvHcNogAKTFPBocFA==",
      "license": "MIT",
      "dependencies": {
        "@types/normalize-package-data": "^2.4.3",
        "normalize-package-data": "^6.0.0",
        "parse-json": "^8.0.0",
        "type-fest": "^4.6.0",
        "unicorn-magic": "^0.1.0"
      },
      "engines": {
        "node": ">=18"
      },
      "funding": {
        "url": "https://github.com/sponsors/sindresorhus"
      }
    },
    "node_modules/semver": {
      "version": "7.7.1",
      "resolved": "https://registry.npmjs.org/semver/-/semver-7.7.1.tgz",
      "integrity": "sha512-hlq8tAfn0m/61p4BVRcPzIGr6LKiMwo4VM6dGi6pt4qcRkmNzTcWq6eCEjEh+qXjkMDvPlOFFSGwQjoEa6gyMA==",
      "license": "ISC",
      "bin": {
        "semver": "bin/semver.js"
      },
      "engines": {
        "node": ">=10"
      }
    },
    "node_modules/source-map": {
      "version": "0.6.1",
      "resolved": "https://registry.npmjs.org/source-map/-/source-map-0.6.1.tgz",
      "integrity": "sha512-UjgapumWlbMhkBgzT7Ykc5YXUT46F0iKu8SGXq0bcwP5dz/h0Plj6enJqjz1Zbq2l5WaqYnrVbwWOWMyF3F47g==",
      "license": "BSD-3-Clause",
      "engines": {
        "node": ">=0.10.0"
      }
    },
    "node_modules/spdx-correct": {
      "version": "3.2.0",
      "resolved": "https://registry.npmjs.org/spdx-correct/-/spdx-correct-3.2.0.tgz",
      "integrity": "sha512-kN9dJbvnySHULIluDHy32WHRUu3Og7B9sbY7tsFLctQkIqnMh3hErYgdMjTYuqmcXX+lK5T1lnUt3G7zNswmZA==",
      "license": "Apache-2.0",
      "dependencies": {
        "spdx-expression-parse": "^3.0.0",
        "spdx-license-ids": "^3.0.0"
      }
    },
    "node_modules/spdx-exceptions": {
      "version": "2.5.0",
      "resolved": "https://registry.npmjs.org/spdx-exceptions/-/spdx-exceptions-2.5.0.tgz",
      "integrity": "sha512-PiU42r+xO4UbUS1buo3LPJkjlO7430Xn5SVAhdpzzsPHsjbYVflnnFdATgabnLude+Cqu25p6N+g2lw/PFsa4w==",
      "license": "CC-BY-3.0"
    },
    "node_modules/spdx-expression-parse": {
      "version": "3.0.1",
      "resolved": "https://registry.npmjs.org/spdx-expression-parse/-/spdx-expression-parse-3.0.1.tgz",
      "integrity": "sha512-cbqHunsQWnJNE6KhVSMsMeH5H/L9EpymbzqTQ3uLwNCLZ1Q481oWaofqH7nO6V07xlXwY6PhQdQ2IedWx/ZK4Q==",
      "license": "MIT",
      "dependencies": {
        "spdx-exceptions": "^2.1.0",
        "spdx-license-ids": "^3.0.0"
      }
    },
    "node_modules/spdx-license-ids": {
      "version": "3.0.21",
      "resolved": "https://registry.npmjs.org/spdx-license-ids/-/spdx-license-ids-3.0.21.tgz",
      "integrity": "sha512-Bvg/8F5XephndSK3JffaRqdT+gyhfqIPwDHpX80tJrF8QQRYMo8sNMeaZ2Dp5+jhwKnUmIOyFFQfHRkjJm5nXg==",
      "license": "CC0-1.0"
    },
    "node_modules/tunnel": {
      "version": "0.0.6",
      "resolved": "https://registry.npmjs.org/tunnel/-/tunnel-0.0.6.tgz",
      "integrity": "sha512-1h/Lnq9yajKY2PEbBadPXj3VxsDDu844OnaAo52UVmIzIvwwtBPIuNvkjuzBlTWpfJyUbG3ez0KSBibQkj4ojg==",
      "engines": {
        "node": ">=0.6.11 <=0.7.0 || >=0.7.3"
      }
    },
    "node_modules/type-fest": {
      "version": "4.34.1",
      "resolved": "https://registry.npmjs.org/type-fest/-/type-fest-4.34.1.tgz",
      "integrity": "sha512-6kSc32kT0rbwxD6QL1CYe8IqdzN/J/ILMrNK+HMQCKH3insCDRY/3ITb0vcBss0a3t72fzh2YSzj8ko1HgwT3g==",
      "license": "(MIT OR CC0-1.0)",
      "engines": {
        "node": ">=16"
      },
      "funding": {
        "url": "https://github.com/sponsors/sindresorhus"
      }
    },
    "node_modules/uglify-js": {
      "version": "3.19.3",
      "resolved": "https://registry.npmjs.org/uglify-js/-/uglify-js-3.19.3.tgz",
      "integrity": "sha512-v3Xu+yuwBXisp6QYTcH4UbH+xYJXqnq2m/LtQVWKWzYc1iehYnLixoQDN9FH6/j9/oybfd6W9Ghwkl8+UMKTKQ==",
      "license": "BSD-2-Clause",
      "optional": true,
      "bin": {
        "uglifyjs": "bin/uglifyjs"
      },
      "engines": {
        "node": ">=0.8.0"
      }
    },
    "node_modules/unicorn-magic": {
      "version": "0.1.0",
      "resolved": "https://registry.npmjs.org/unicorn-magic/-/unicorn-magic-0.1.0.tgz",
      "integrity": "sha512-lRfVq8fE8gz6QMBuDM6a+LO3IAzTi05H6gCVaUpir2E1Rwpo4ZUog45KpNXKC/Mn3Yb9UDuHumeFTo9iV/D9FQ==",
      "license": "MIT",
      "engines": {
        "node": ">=18"
      },
      "funding": {
        "url": "https://github.com/sponsors/sindresorhus"
      }
    },
    "node_modules/validate-npm-package-license": {
      "version": "3.0.4",
      "resolved": "https://registry.npmjs.org/validate-npm-package-license/-/validate-npm-package-license-3.0.4.tgz",
      "integrity": "sha512-DpKm2Ui/xN7/HQKCtpZxoRWBhZ9Z0kqtygG8XCgNQ8ZlDnxuQmWhj566j8fN4Cu3/JmbhsDo7fcAJq4s9h27Ew==",
      "license": "Apache-2.0",
      "dependencies": {
        "spdx-correct": "^3.0.0",
        "spdx-expression-parse": "^3.0.0"
      }
    },
    "node_modules/wordwrap": {
      "version": "1.0.0",
      "resolved": "https://registry.npmjs.org/wordwrap/-/wordwrap-1.0.0.tgz",
      "integrity": "sha512-gvVzJFlPycKc5dZN4yPkP8w7Dc37BtP1yczEneOb4uq34pXZcvrtRTmWV8W+Ume+XCxKgbjM+nevkyFPMybd4Q==",
      "license": "MIT"
    },
    "node_modules/yaml": {
      "version": "2.7.0",
      "resolved": "https://registry.npmjs.org/yaml/-/yaml-2.7.0.tgz",
      "integrity": "sha512-+hSoy/QHluxmC9kCIJyL/uyFmLmc+e5CFR5Wa+bpIhIj85LVb9ZH2nVnqrHoSvKogwODv0ClqZkmiSSaIH5LTA==",
      "license": "ISC",
      "bin": {
        "yaml": "bin.mjs"
      },
      "engines": {
        "node": ">= 14"
      }
    }
  },
  "dependencies": {
    "@actions/core": {
      "version": "1.11.1",
      "resolved": "https://registry.npmjs.org/@actions/core/-/core-1.11.1.tgz",
      "integrity": "sha512-hXJCSrkwfA46Vd9Z3q4cpEpHB1rL5NG04+/rbqW9d3+CSvtB1tYe8UTpAlixa1vj0m/ULglfEK2UKxMGxCxv5A==",
      "requires": {
        "@actions/exec": "^1.1.1",
        "@actions/http-client": "^2.0.1"
      }
    },
    "@actions/exec": {
      "version": "1.1.1",
      "resolved": "https://registry.npmjs.org/@actions/exec/-/exec-1.1.1.tgz",
      "integrity": "sha512-+sCcHHbVdk93a0XT19ECtO/gIXoxvdsgQLzb2fE2/5sIZmWQuluYyjPQtrtTHdU1YzTZ7bAPN4sITq2xi1679w==",
      "requires": {
        "@actions/io": "^1.0.1"
      }
    },
    "@actions/http-client": {
      "version": "2.0.1",
      "resolved": "https://registry.npmjs.org/@actions/http-client/-/http-client-2.0.1.tgz",
      "integrity": "sha512-PIXiMVtz6VvyaRsGY268qvj57hXQEpsYogYOu2nrQhlf+XCGmZstmuZBbAybUl1nQGnvS1k1eEsQ69ZoD7xlSw==",
      "requires": {
        "tunnel": "^0.0.6"
      }
    },
    "@actions/io": {
      "version": "1.1.1",
      "resolved": "https://registry.npmjs.org/@actions/io/-/io-1.1.1.tgz",
      "integrity": "sha512-Qi4JoKXjmE0O67wAOH6y0n26QXhMKMFo7GD/4IXNVcrtLjUlGjGuVys6pQgwF3ArfGTQu0XpqaNr0YhED2RaRA=="
    },
    "@babel/code-frame": {
      "version": "7.26.2",
      "resolved": "https://registry.npmjs.org/@babel/code-frame/-/code-frame-7.26.2.tgz",
      "integrity": "sha512-RJlIHRueQgwWitWgF8OdFYGZX328Ax5BCemNGlqHfplnRT9ESi8JkFlvaVYbS+UubVY6dpv87Fs2u5M29iNFVQ==",
      "requires": {
        "@babel/helper-validator-identifier": "^7.25.9",
        "js-tokens": "^4.0.0",
        "picocolors": "^1.0.0"
      }
    },
    "@babel/helper-validator-identifier": {
      "version": "7.25.9",
      "resolved": "https://registry.npmjs.org/@babel/helper-validator-identifier/-/helper-validator-identifier-7.25.9.tgz",
      "integrity": "sha512-Ed61U6XJc3CVRfkERJWDz4dJwKe7iLmmJsbOGu9wSloNSFttHV0I8g6UAgb7qnK5ly5bGLPd4oXZlxCdANBOWQ=="
    },
    "@conventional-changelog/git-client": {
      "version": "1.0.1",
      "resolved": "https://registry.npmjs.org/@conventional-changelog/git-client/-/git-client-1.0.1.tgz",
      "integrity": "sha512-PJEqBwAleffCMETaVm/fUgHldzBE35JFk3/9LL6NUA5EXa3qednu+UT6M7E5iBu3zIQZCULYIiZ90fBYHt6xUw==",
      "requires": {
        "@types/semver": "^7.5.5",
        "semver": "^7.5.2"
      }
    },
    "@hutson/parse-repository-url": {
      "version": "5.0.0",
      "resolved": "https://registry.npmjs.org/@hutson/parse-repository-url/-/parse-repository-url-5.0.0.tgz",
      "integrity": "sha512-e5+YUKENATs1JgYHMzTr2MW/NDcXGfYFAuOQU8gJgF/kEh4EqKgfGrfLI67bMD4tbhZVlkigz/9YYwWcbOFthg=="
    },
    "@iarna/toml": {
      "version": "2.2.5",
      "resolved": "https://registry.npmjs.org/@iarna/toml/-/toml-2.2.5.tgz",
      "integrity": "sha512-trnsAYxU3xnS1gPHPyU961coFyLkh4gAD/0zQ5mymY4yOZ+CYvsPqUbOFSw0aDM4y0tV7tiFxL/1XfXPNC6IPg=="
    },
    "@types/normalize-package-data": {
      "version": "2.4.4",
      "resolved": "https://registry.npmjs.org/@types/normalize-package-data/-/normalize-package-data-2.4.4.tgz",
      "integrity": "sha512-37i+OaWTh9qeK4LSHPsyRC7NahnGotNuZvjLSgcPzblpHB3rrCJxAOgI5gCdKm7coonsaX1Of0ILiTcnZjbfxA=="
    },
    "@types/semver": {
      "version": "7.5.8",
      "resolved": "https://registry.npmjs.org/@types/semver/-/semver-7.5.8.tgz",
      "integrity": "sha512-I8EUhyrgfLrcTkzV3TSsGyl1tSuPrEDzr0yd5m90UgNxQkyDXULk3b6MlQqTCpZpNtWe1K0hzclnZkTcLBe2UQ=="
    },
    "@vercel/ncc": {
      "version": "0.38.2",
      "resolved": "https://registry.npmjs.org/@vercel/ncc/-/ncc-0.38.2.tgz",
      "integrity": "sha512-3yel3jaxUg9pHBv4+KeC9qlbdZPug+UMtUOlhvpDYCMSgcNSrS2Hv1LoqMsOV7hf2lYscx+BESfJOIla1WsmMQ=="
    },
    "add-stream": {
      "version": "1.0.0",
      "resolved": "https://registry.npmjs.org/add-stream/-/add-stream-1.0.0.tgz",
      "integrity": "sha512-qQLMr+8o0WC4FZGQTcJiKBVC59JylcPSrTtk6usvmIDFUOCKegapy1VHQwRbFMOFyb/inzUVqHs+eMYKDM1YeQ=="
    },
    "array-ify": {
      "version": "1.0.0",
      "resolved": "https://registry.npmjs.org/array-ify/-/array-ify-1.0.0.tgz",
      "integrity": "sha512-c5AMf34bKdvPhQ7tBGhqkgKNUzMr4WUs+WDtC2ZUGOUncbxKMTvqxYctiseW3+L4bA8ec+GcZ6/A/FW4m8ukng=="
    },
    "compare-func": {
      "version": "2.0.0",
      "resolved": "https://registry.npmjs.org/compare-func/-/compare-func-2.0.0.tgz",
      "integrity": "sha512-zHig5N+tPWARooBnb0Zx1MFcdfpyJrfTJ3Y5L+IFvUm8rM74hHz66z0gw0x4tijh5CorKkKUCnW82R2vmpeCRA==",
      "requires": {
        "array-ify": "^1.0.0",
        "dot-prop": "^5.1.0"
      }
    },
    "conventional-changelog": {
      "version": "6.0.0",
      "resolved": "https://registry.npmjs.org/conventional-changelog/-/conventional-changelog-6.0.0.tgz",
      "integrity": "sha512-tuUH8H/19VjtD9Ig7l6TQRh+Z0Yt0NZ6w/cCkkyzUbGQTnUEmKfGtkC9gGfVgCfOL1Rzno5NgNF4KY8vR+Jo3w==",
      "requires": {
        "conventional-changelog-angular": "^8.0.0",
        "conventional-changelog-atom": "^5.0.0",
        "conventional-changelog-codemirror": "^5.0.0",
        "conventional-changelog-conventionalcommits": "^8.0.0",
        "conventional-changelog-core": "^8.0.0",
        "conventional-changelog-ember": "^5.0.0",
        "conventional-changelog-eslint": "^6.0.0",
        "conventional-changelog-express": "^5.0.0",
        "conventional-changelog-jquery": "^6.0.0",
        "conventional-changelog-jshint": "^5.0.0",
        "conventional-changelog-preset-loader": "^5.0.0"
      }
    },
    "conventional-changelog-angular": {
      "version": "8.0.0",
      "resolved": "https://registry.npmjs.org/conventional-changelog-angular/-/conventional-changelog-angular-8.0.0.tgz",
      "integrity": "sha512-CLf+zr6St0wIxos4bmaKHRXWAcsCXrJU6F4VdNDrGRK3B8LDLKoX3zuMV5GhtbGkVR/LohZ6MT6im43vZLSjmA==",
      "requires": {
        "compare-func": "^2.0.0"
      }
    },
    "conventional-changelog-atom": {
      "version": "5.0.0",
      "resolved": "https://registry.npmjs.org/conventional-changelog-atom/-/conventional-changelog-atom-5.0.0.tgz",
      "integrity": "sha512-WfzCaAvSCFPkznnLgLnfacRAzjgqjLUjvf3MftfsJzQdDICqkOOpcMtdJF3wTerxSpv2IAAjX8doM3Vozqle3g=="
    },
    "conventional-changelog-codemirror": {
      "version": "5.0.0",
      "resolved": "https://registry.npmjs.org/conventional-changelog-codemirror/-/conventional-changelog-codemirror-5.0.0.tgz",
      "integrity": "sha512-8gsBDI5Y3vrKUCxN6Ue8xr6occZ5nsDEc4C7jO/EovFGozx8uttCAyfhRrvoUAWi2WMm3OmYs+0mPJU7kQdYWQ=="
    },
    "conventional-changelog-conventionalcommits": {
      "version": "8.0.0",
      "resolved": "https://registry.npmjs.org/conventional-changelog-conventionalcommits/-/conventional-changelog-conventionalcommits-8.0.0.tgz",
      "integrity": "sha512-eOvlTO6OcySPyyyk8pKz2dP4jjElYunj9hn9/s0OB+gapTO8zwS9UQWrZ1pmF2hFs3vw1xhonOLGcGjy/zgsuA==",
      "requires": {
        "compare-func": "^2.0.0"
      }
    },
    "conventional-changelog-core": {
      "version": "8.0.0",
      "resolved": "https://registry.npmjs.org/conventional-changelog-core/-/conventional-changelog-core-8.0.0.tgz",
      "integrity": "sha512-EATUx5y9xewpEe10UEGNpbSHRC6cVZgO+hXQjofMqpy+gFIrcGvH3Fl6yk2VFKh7m+ffenup2N7SZJYpyD9evw==",
      "requires": {
        "@hutson/parse-repository-url": "^5.0.0",
        "add-stream": "^1.0.0",
        "conventional-changelog-writer": "^8.0.0",
        "conventional-commits-parser": "^6.0.0",
        "git-raw-commits": "^5.0.0",
        "git-semver-tags": "^8.0.0",
        "hosted-git-info": "^7.0.0",
        "normalize-package-data": "^6.0.0",
        "read-package-up": "^11.0.0",
        "read-pkg": "^9.0.0"
      }
    },
    "conventional-changelog-ember": {
      "version": "5.0.0",
      "resolved": "https://registry.npmjs.org/conventional-changelog-ember/-/conventional-changelog-ember-5.0.0.tgz",
      "integrity": "sha512-RPflVfm5s4cSO33GH/Ey26oxhiC67akcxSKL8CLRT3kQX2W3dbE19sSOM56iFqUJYEwv9mD9r6k79weWe1urfg=="
    },
    "conventional-changelog-eslint": {
      "version": "6.0.0",
      "resolved": "https://registry.npmjs.org/conventional-changelog-eslint/-/conventional-changelog-eslint-6.0.0.tgz",
      "integrity": "sha512-eiUyULWjzq+ybPjXwU6NNRflApDWlPEQEHvI8UAItYW/h22RKkMnOAtfCZxMmrcMO1OKUWtcf2MxKYMWe9zJuw=="
    },
    "conventional-changelog-express": {
      "version": "5.0.0",
      "resolved": "https://registry.npmjs.org/conventional-changelog-express/-/conventional-changelog-express-5.0.0.tgz",
      "integrity": "sha512-D8Q6WctPkQpvr2HNCCmwU5GkX22BVHM0r4EW8vN0230TSyS/d6VQJDAxGb84lbg0dFjpO22MwmsikKL++Oo/oQ=="
    },
    "conventional-changelog-jquery": {
      "version": "6.0.0",
      "resolved": "https://registry.npmjs.org/conventional-changelog-jquery/-/conventional-changelog-jquery-6.0.0.tgz",
      "integrity": "sha512-2kxmVakyehgyrho2ZHBi90v4AHswkGzHuTaoH40bmeNqUt20yEkDOSpw8HlPBfvEQBwGtbE+5HpRwzj6ac2UfA=="
    },
    "conventional-changelog-jshint": {
      "version": "5.0.0",
      "resolved": "https://registry.npmjs.org/conventional-changelog-jshint/-/conventional-changelog-jshint-5.0.0.tgz",
      "integrity": "sha512-gGNphSb/opc76n2eWaO6ma4/Wqu3tpa2w7i9WYqI6Cs2fncDSI2/ihOfMvXveeTTeld0oFvwMVNV+IYQIk3F3g==",
      "requires": {
        "compare-func": "^2.0.0"
      }
    },
    "conventional-changelog-preset-loader": {
      "version": "5.0.0",
      "resolved": "https://registry.npmjs.org/conventional-changelog-preset-loader/-/conventional-changelog-preset-loader-5.0.0.tgz",
      "integrity": "sha512-SetDSntXLk8Jh1NOAl1Gu5uLiCNSYenB5tm0YVeZKePRIgDW9lQImromTwLa3c/Gae298tsgOM+/CYT9XAl0NA=="
    },
    "conventional-changelog-writer": {
      "version": "8.0.0",
      "resolved": "https://registry.npmjs.org/conventional-changelog-writer/-/conventional-changelog-writer-8.0.0.tgz",
      "integrity": "sha512-TQcoYGRatlAnT2qEWDON/XSfnVG38JzA7E0wcGScu7RElQBkg9WWgZd1peCWFcWDh1xfb2CfsrcvOn1bbSzztA==",
      "requires": {
        "@types/semver": "^7.5.5",
        "conventional-commits-filter": "^5.0.0",
        "handlebars": "^4.7.7",
        "meow": "^13.0.0",
        "semver": "^7.5.2"
      }
    },
    "conventional-commits-filter": {
      "version": "5.0.0",
      "resolved": "https://registry.npmjs.org/conventional-commits-filter/-/conventional-commits-filter-5.0.0.tgz",
      "integrity": "sha512-tQMagCOC59EVgNZcC5zl7XqO30Wki9i9J3acbUvkaosCT6JX3EeFwJD7Qqp4MCikRnzS18WXV3BLIQ66ytu6+Q=="
    },
    "conventional-commits-parser": {
      "version": "6.0.0",
      "resolved": "https://registry.npmjs.org/conventional-commits-parser/-/conventional-commits-parser-6.0.0.tgz",
      "integrity": "sha512-TbsINLp48XeMXR8EvGjTnKGsZqBemisPoyWESlpRyR8lif0lcwzqz+NMtYSj1ooF/WYjSuu7wX0CtdeeMEQAmA==",
      "requires": {
        "meow": "^13.0.0"
      }
    },
    "conventional-recommended-bump": {
      "version": "10.0.0",
      "resolved": "https://registry.npmjs.org/conventional-recommended-bump/-/conventional-recommended-bump-10.0.0.tgz",
      "integrity": "sha512-RK/fUnc2btot0oEVtrj3p2doImDSs7iiz/bftFCDzels0Qs1mxLghp+DFHMaOC0qiCI6sWzlTDyBFSYuot6pRA==",
      "requires": {
        "@conventional-changelog/git-client": "^1.0.0",
        "conventional-changelog-preset-loader": "^5.0.0",
        "conventional-commits-filter": "^5.0.0",
        "conventional-commits-parser": "^6.0.0",
        "meow": "^13.0.0"
      }
    },
    "dot-prop": {
      "version": "5.3.0",
      "resolved": "https://registry.npmjs.org/dot-prop/-/dot-prop-5.3.0.tgz",
      "integrity": "sha512-QM8q3zDe58hqUqjraQOmzZ1LIH9SWQJTlEKCH4kJ2oQvLZk7RbQXvtDM2XEq3fwkV9CCvvH4LA0AV+ogFsBM2Q==",
      "requires": {
        "is-obj": "^2.0.0"
      }
    },
    "find-up-simple": {
      "version": "1.0.0",
      "resolved": "https://registry.npmjs.org/find-up-simple/-/find-up-simple-1.0.0.tgz",
      "integrity": "sha512-q7Us7kcjj2VMePAa02hDAF6d+MzsdsAWEwYyOpwUtlerRBkOEPBCRZrAV4XfcSN8fHAgaD0hP7miwoay6DCprw=="
    },
    "git-raw-commits": {
      "version": "5.0.0",
      "resolved": "https://registry.npmjs.org/git-raw-commits/-/git-raw-commits-5.0.0.tgz",
      "integrity": "sha512-I2ZXrXeOc0KrCvC7swqtIFXFN+rbjnC7b2T943tvemIOVNl+XP8YnA9UVwqFhzzLClnSA60KR/qEjLpXzs73Qg==",
      "requires": {
        "@conventional-changelog/git-client": "^1.0.0",
        "meow": "^13.0.0"
      }
    },
    "git-semver-tags": {
      "version": "8.0.0",
      "resolved": "https://registry.npmjs.org/git-semver-tags/-/git-semver-tags-8.0.0.tgz",
      "integrity": "sha512-N7YRIklvPH3wYWAR2vysaqGLPRcpwQ0GKdlqTiVN5w1UmCdaeY3K8s6DMKRCh54DDdzyt/OAB6C8jgVtb7Y2Fg==",
      "requires": {
        "@conventional-changelog/git-client": "^1.0.0",
        "meow": "^13.0.0"
      }
    },
    "handlebars": {
      "version": "4.7.8",
      "resolved": "https://registry.npmjs.org/handlebars/-/handlebars-4.7.8.tgz",
      "integrity": "sha512-vafaFqs8MZkRrSX7sFVUdo3ap/eNiLnb4IakshzvP56X5Nr1iGKAIqdX6tMlm6HcNRIkr6AxO5jFEoJzzpT8aQ==",
      "requires": {
        "minimist": "^1.2.5",
        "neo-async": "^2.6.2",
        "source-map": "^0.6.1",
        "uglify-js": "^3.1.4",
        "wordwrap": "^1.0.0"
      }
    },
    "hosted-git-info": {
      "version": "7.0.2",
      "resolved": "https://registry.npmjs.org/hosted-git-info/-/hosted-git-info-7.0.2.tgz",
      "integrity": "sha512-puUZAUKT5m8Zzvs72XWy3HtvVbTWljRE66cP60bxJzAqf2DgICo7lYTY2IHUmLnNpjYvw5bvmoHvPc0QO2a62w==",
      "requires": {
        "lru-cache": "^10.0.1"
      }
    },
    "index-to-position": {
      "version": "0.1.2",
      "resolved": "https://registry.npmjs.org/index-to-position/-/index-to-position-0.1.2.tgz",
      "integrity": "sha512-MWDKS3AS1bGCHLBA2VLImJz42f7bJh8wQsTGCzI3j519/CASStoDONUBVz2I/VID0MpiX3SGSnbOD2xUalbE5g=="
    },
    "is-obj": {
      "version": "2.0.0",
      "resolved": "https://registry.npmjs.org/is-obj/-/is-obj-2.0.0.tgz",
      "integrity": "sha512-drqDG3cbczxxEJRoOXcOjtdp1J/lyp1mNn0xaznRs8+muBhgQcrnbspox5X5fOw0HnMnbfDzvnEMEtqDEJEo8w=="
    },
    "js-tokens": {
      "version": "4.0.0",
      "resolved": "https://registry.npmjs.org/js-tokens/-/js-tokens-4.0.0.tgz",
      "integrity": "sha512-RdJUflcE3cUzKiMqQgsCu06FPu9UdIJO0beYbPhHN4k6apgJtifcoCtT9bcxOpYBtpD2kCM6Sbzg4CausW/PKQ=="
    },
    "lru-cache": {
      "version": "10.4.3",
      "resolved": "https://registry.npmjs.org/lru-cache/-/lru-cache-10.4.3.tgz",
      "integrity": "sha512-JNAzZcXrCt42VGLuYz0zfAzDfAvJWW6AfYlDBQyDV5DClI2m5sAmK+OIO7s59XfsRsWHp02jAJrRadPRGTt6SQ=="
    },
    "meow": {
      "version": "13.2.0",
      "resolved": "https://registry.npmjs.org/meow/-/meow-13.2.0.tgz",
      "integrity": "sha512-pxQJQzB6djGPXh08dacEloMFopsOqGVRKFPYvPOt9XDZ1HasbgDZA74CJGreSU4G3Ak7EFJGoiH2auq+yXISgA=="
    },
    "minimist": {
      "version": "1.2.8",
      "resolved": "https://registry.npmjs.org/minimist/-/minimist-1.2.8.tgz",
      "integrity": "sha512-2yyAR8qBkN3YuheJanUpWC5U3bb5osDywNB8RzDVlDwDHbocAJveqqj1u8+SVD7jkWT4yvsHCpWqqWqAxb0zCA=="
    },
    "neo-async": {
      "version": "2.6.2",
      "resolved": "https://registry.npmjs.org/neo-async/-/neo-async-2.6.2.tgz",
      "integrity": "sha512-Yd3UES5mWCSqR+qNT93S3UoYUkqAZ9lLg8a7g9rimsWmYGK8cVToA4/sF3RrshdyV3sAGMXVUmpMYOw+dLpOuw=="
    },
    "normalize-package-data": {
      "version": "6.0.2",
      "resolved": "https://registry.npmjs.org/normalize-package-data/-/normalize-package-data-6.0.2.tgz",
      "integrity": "sha512-V6gygoYb/5EmNI+MEGrWkC+e6+Rr7mTmfHrxDbLzxQogBkgzo76rkok0Am6thgSF7Mv2nLOajAJj5vDJZEFn7g==",
      "requires": {
        "hosted-git-info": "^7.0.0",
        "semver": "^7.3.5",
        "validate-npm-package-license": "^3.0.4"
      }
    },
    "object-path": {
      "version": "0.11.8",
      "resolved": "https://registry.npmjs.org/object-path/-/object-path-0.11.8.tgz",
      "integrity": "sha512-YJjNZrlXJFM42wTBn6zgOJVar9KFJvzx6sTWDte8sWZF//cnjl0BxHNpfZx+ZffXX63A9q0b1zsFiBX4g4X5KA=="
    },
    "parse-json": {
      "version": "8.1.0",
      "resolved": "https://registry.npmjs.org/parse-json/-/parse-json-8.1.0.tgz",
      "integrity": "sha512-rum1bPifK5SSar35Z6EKZuYPJx85pkNaFrxBK3mwdfSJ1/WKbYrjoW/zTPSjRRamfmVX1ACBIdFAO0VRErW/EA==",
      "requires": {
        "@babel/code-frame": "^7.22.13",
        "index-to-position": "^0.1.2",
        "type-fest": "^4.7.1"
      }
    },
    "picocolors": {
      "version": "1.1.1",
      "resolved": "https://registry.npmjs.org/picocolors/-/picocolors-1.1.1.tgz",
      "integrity": "sha512-xceH2snhtb5M9liqDsmEw56le376mTZkEX/jEb/RxNFyegNul7eNslCXP9FDj/Lcu0X8KEyMceP2ntpaHrDEVA=="
    },
    "read-package-up": {
      "version": "11.0.0",
      "resolved": "https://registry.npmjs.org/read-package-up/-/read-package-up-11.0.0.tgz",
      "integrity": "sha512-MbgfoNPANMdb4oRBNg5eqLbB2t2r+o5Ua1pNt8BqGp4I0FJZhuVSOj3PaBPni4azWuSzEdNn2evevzVmEk1ohQ==",
      "requires": {
        "find-up-simple": "^1.0.0",
        "read-pkg": "^9.0.0",
        "type-fest": "^4.6.0"
      }
    },
    "read-pkg": {
      "version": "9.0.1",
      "resolved": "https://registry.npmjs.org/read-pkg/-/read-pkg-9.0.1.tgz",
      "integrity": "sha512-9viLL4/n1BJUCT1NXVTdS1jtm80yDEgR5T4yCelII49Mbj0v1rZdKqj7zCiYdbB0CuCgdrvHcNogAKTFPBocFA==",
      "requires": {
        "@types/normalize-package-data": "^2.4.3",
        "normalize-package-data": "^6.0.0",
        "parse-json": "^8.0.0",
        "type-fest": "^4.6.0",
        "unicorn-magic": "^0.1.0"
      }
    },
    "semver": {
      "version": "7.7.1",
      "resolved": "https://registry.npmjs.org/semver/-/semver-7.7.1.tgz",
      "integrity": "sha512-hlq8tAfn0m/61p4BVRcPzIGr6LKiMwo4VM6dGi6pt4qcRkmNzTcWq6eCEjEh+qXjkMDvPlOFFSGwQjoEa6gyMA=="
    },
    "source-map": {
      "version": "0.6.1",
      "resolved": "https://registry.npmjs.org/source-map/-/source-map-0.6.1.tgz",
      "integrity": "sha512-UjgapumWlbMhkBgzT7Ykc5YXUT46F0iKu8SGXq0bcwP5dz/h0Plj6enJqjz1Zbq2l5WaqYnrVbwWOWMyF3F47g=="
    },
    "spdx-correct": {
      "version": "3.2.0",
      "resolved": "https://registry.npmjs.org/spdx-correct/-/spdx-correct-3.2.0.tgz",
      "integrity": "sha512-kN9dJbvnySHULIluDHy32WHRUu3Og7B9sbY7tsFLctQkIqnMh3hErYgdMjTYuqmcXX+lK5T1lnUt3G7zNswmZA==",
      "requires": {
        "spdx-expression-parse": "^3.0.0",
        "spdx-license-ids": "^3.0.0"
      }
    },
    "spdx-exceptions": {
      "version": "2.5.0",
      "resolved": "https://registry.npmjs.org/spdx-exceptions/-/spdx-exceptions-2.5.0.tgz",
      "integrity": "sha512-PiU42r+xO4UbUS1buo3LPJkjlO7430Xn5SVAhdpzzsPHsjbYVflnnFdATgabnLude+Cqu25p6N+g2lw/PFsa4w=="
    },
    "spdx-expression-parse": {
      "version": "3.0.1",
      "resolved": "https://registry.npmjs.org/spdx-expression-parse/-/spdx-expression-parse-3.0.1.tgz",
      "integrity": "sha512-cbqHunsQWnJNE6KhVSMsMeH5H/L9EpymbzqTQ3uLwNCLZ1Q481oWaofqH7nO6V07xlXwY6PhQdQ2IedWx/ZK4Q==",
      "requires": {
        "spdx-exceptions": "^2.1.0",
        "spdx-license-ids": "^3.0.0"
      }
    },
    "spdx-license-ids": {
      "version": "3.0.21",
      "resolved": "https://registry.npmjs.org/spdx-license-ids/-/spdx-license-ids-3.0.21.tgz",
      "integrity": "sha512-Bvg/8F5XephndSK3JffaRqdT+gyhfqIPwDHpX80tJrF8QQRYMo8sNMeaZ2Dp5+jhwKnUmIOyFFQfHRkjJm5nXg=="
    },
    "tunnel": {
      "version": "0.0.6",
      "resolved": "https://registry.npmjs.org/tunnel/-/tunnel-0.0.6.tgz",
      "integrity": "sha512-1h/Lnq9yajKY2PEbBadPXj3VxsDDu844OnaAo52UVmIzIvwwtBPIuNvkjuzBlTWpfJyUbG3ez0KSBibQkj4ojg=="
    },
    "type-fest": {
      "version": "4.34.1",
      "resolved": "https://registry.npmjs.org/type-fest/-/type-fest-4.34.1.tgz",
      "integrity": "sha512-6kSc32kT0rbwxD6QL1CYe8IqdzN/J/ILMrNK+HMQCKH3insCDRY/3ITb0vcBss0a3t72fzh2YSzj8ko1HgwT3g=="
    },
    "uglify-js": {
      "version": "3.19.3",
      "resolved": "https://registry.npmjs.org/uglify-js/-/uglify-js-3.19.3.tgz",
      "integrity": "sha512-v3Xu+yuwBXisp6QYTcH4UbH+xYJXqnq2m/LtQVWKWzYc1iehYnLixoQDN9FH6/j9/oybfd6W9Ghwkl8+UMKTKQ==",
      "optional": true
    },
    "unicorn-magic": {
      "version": "0.1.0",
      "resolved": "https://registry.npmjs.org/unicorn-magic/-/unicorn-magic-0.1.0.tgz",
      "integrity": "sha512-lRfVq8fE8gz6QMBuDM6a+LO3IAzTi05H6gCVaUpir2E1Rwpo4ZUog45KpNXKC/Mn3Yb9UDuHumeFTo9iV/D9FQ=="
    },
    "validate-npm-package-license": {
      "version": "3.0.4",
      "resolved": "https://registry.npmjs.org/validate-npm-package-license/-/validate-npm-package-license-3.0.4.tgz",
      "integrity": "sha512-DpKm2Ui/xN7/HQKCtpZxoRWBhZ9Z0kqtygG8XCgNQ8ZlDnxuQmWhj566j8fN4Cu3/JmbhsDo7fcAJq4s9h27Ew==",
      "requires": {
        "spdx-correct": "^3.0.0",
        "spdx-expression-parse": "^3.0.0"
      }
    },
    "wordwrap": {
      "version": "1.0.0",
      "resolved": "https://registry.npmjs.org/wordwrap/-/wordwrap-1.0.0.tgz",
      "integrity": "sha512-gvVzJFlPycKc5dZN4yPkP8w7Dc37BtP1yczEneOb4uq34pXZcvrtRTmWV8W+Ume+XCxKgbjM+nevkyFPMybd4Q=="
    },
    "yaml": {
      "version": "2.7.0",
      "resolved": "https://registry.npmjs.org/yaml/-/yaml-2.7.0.tgz",
      "integrity": "sha512-+hSoy/QHluxmC9kCIJyL/uyFmLmc+e5CFR5Wa+bpIhIj85LVb9ZH2nVnqrHoSvKogwODv0ClqZkmiSSaIH5LTA=="
    }
  }
}
